
Microsoft Visual Studio Solution File, Format Version 12.00
# Visual Studio Version 16
VisualStudioVersion = 16.0.30626.31
MinimumVisualStudioVersion = 10.0.40219.1
Project("{2150E333-8FDC-42A3-9474-1A3956D46DE8}") = "src", "src", "{30D3FAD4-9E50-4E70-B5A2-41DFCECA0DD0}"
EndProject
Project("{2150E333-8FDC-42A3-9474-1A3956D46DE8}") = "tests", "tests", "{E11FF996-531D-4B37-AE3E-A292322CD294}"
EndProject
Project("{2150E333-8FDC-42A3-9474-1A3956D46DE8}") = "Interface Server", "Interface Server", "{A5FBB37C-4182-4F34-96E3-3D0BFB7E98A4}"
EndProject
Project("{2150E333-8FDC-42A3-9474-1A3956D46DE8}") = "Client", "Client", "{6D83B5A1-B65D-478B-9707-81C9BC696F59}"
EndProject
Project("{2150E333-8FDC-42A3-9474-1A3956D46DE8}") = "Desktop", "Desktop", "{C725A4B4-73AA-4C79-9E25-5D700537AE53}"
EndProject
Project("{2150E333-8FDC-42A3-9474-1A3956D46DE8}") = "Mobile", "Mobile", "{13E37662-5992-482C-938E-A40E017806F7}"
EndProject
Project("{2150E333-8FDC-42A3-9474-1A3956D46DE8}") = "UWP", "UWP", "{A03E5E60-99AB-4D81-9626-4B302C3A77B1}"
EndProject
Project("{2150E333-8FDC-42A3-9474-1A3956D46DE8}") = "Services", "Services", "{0125ADEB-3374-4D86-A3AF-F7BF5A4E0019}"
EndProject
Project("{2150E333-8FDC-42A3-9474-1A3956D46DE8}") = "Shared", "Shared", "{91918A01-68AC-4949-A2E3-7E7CD97E60D1}"
EndProject
Project("{2150E333-8FDC-42A3-9474-1A3956D46DE8}") = "Server", "Server", "{F1B27FB4-D8A0-4DB5-8E82-1066509EB61C}"
EndProject
Project("{2150E333-8FDC-42A3-9474-1A3956D46DE8}") = "Client", "Client", "{858E4C9E-3D3F-457B-B213-36AD67A23BB6}"
EndProject
Project("{2150E333-8FDC-42A3-9474-1A3956D46DE8}") = "Main Server", "Main Server", "{865D319E-E2BD-4468-B946-CA27CA162866}"
EndProject
Project("{2150E333-8FDC-42A3-9474-1A3956D46DE8}") = "ViewModels", "ViewModels", "{E7DDE0F5-B981-4F10-91E1-73BCB14F8F50}"
EndProject
Project("{9A19103F-16F7-4668-BE54-9A1E7A4F7556}") = "InterfaceServer.Api", "Src\Interface Server\InterfaceServer.Api\InterfaceServer.Api.csproj", "{D989FADF-8F84-40FD-A11E-C1655BAB1F1A}"
EndProject
Project("{9A19103F-16F7-4668-BE54-9A1E7A4F7556}") = "Server.DataLayer", "Src\Interface Server\Server.DataLayer\Server.DataLayer.csproj", "{F53E43E0-81A9-458E-9E81-B8794239A0E5}"
EndProject
Project("{9A19103F-16F7-4668-BE54-9A1E7A4F7556}") = "Server.Entity", "Src\Interface Server\Server.Entity\Server.Entity.csproj", "{7DAE5068-BA88-42FA-9625-2E0C39C566A2}"
EndProject
Project("{9A19103F-16F7-4668-BE54-9A1E7A4F7556}") = "Server.Services", "Src\Interface Server\Server.Services\Server.Services.csproj", "{7935B38A-92F1-402D-BCA4-3F13108CB07E}"
EndProject
Project("{9A19103F-16F7-4668-BE54-9A1E7A4F7556}") = "MainServer.Services", "Src\Main Server\MainServer.Services\MainServer.Services.csproj", "{0083ECD3-E710-4EFD-BFEB-D6033FAC3DE5}"
EndProject
Project("{9A19103F-16F7-4668-BE54-9A1E7A4F7556}") = "MainServer.Windows", "Src\Main Server\MainServer.Windows\MainServer.Windows.csproj", "{6F9AA827-28F5-4CCD-A013-6856C5E5A192}"
EndProject
Project("{9A19103F-16F7-4668-BE54-9A1E7A4F7556}") = "FSM.WPF.ViewModels", "Src\Client\Desktop\ViewModels\FSM.WPF.ViewModels\FSM.WPF.ViewModels.csproj", "{0D5930C1-4946-42CA-8499-C11097939662}"
EndProject
Project("{FAE04EC0-301F-11D3-BF4B-00C04F79EFBC}") = "ServerManager.UWP", "Src\Client\Desktop\UWP\ServerManager.UWP\ServerManager.UWP.csproj", "{3A3B99F4-09C9-4468-8887-65322B809213}"
EndProject
Project("{FAE04EC0-301F-11D3-BF4B-00C04F79EFBC}") = "FSM.UWP.Services", "Src\Client\Desktop\Services\FSM.UWP.Services\FSM.UWP.Services.csproj", "{37AEFE5C-E631-4C9E-B534-D935EC9E6208}"
EndProject
Project("{9A19103F-16F7-4668-BE54-9A1E7A4F7556}") = "FSM.WPF.Services", "Src\Client\Desktop\Services\FSM.WPF.Services\FSM.WPF.Services.csproj", "{0BEC45DF-9ABA-46CE-9A8C-6303DD04A0AC}"
EndProject
Project("{9A19103F-16F7-4668-BE54-9A1E7A4F7556}") = "ViewModels", "Src\Shared\ViewModels\ViewModels.csproj", "{D6913D8B-1B7E-44B6-B1AA-9A94875E6548}"
EndProject
Project("{9A19103F-16F7-4668-BE54-9A1E7A4F7556}") = "UnitTest.WPF", "Tests\Client\UnitTest.WPF\UnitTest.WPF.csproj", "{173AA13C-2401-425F-BD45-17795EAF1EA1}"
EndProject
Project("{FAE04EC0-301F-11D3-BF4B-00C04F79EFBC}") = "UnitTest.UWP", "Tests\Client\UnitTest.UWP\UnitTest.UWP.csproj", "{BF0D1958-C12F-41FB-B544-8EDF061F221E}"
EndProject
Project("{9A19103F-16F7-4668-BE54-9A1E7A4F7556}") = "UnitTest.Server", "Tests\Server\UnitTest.Server\UnitTest.Server.csproj", "{9A2198A7-E746-4F83-863A-53F813C7E6B4}"
EndProject
Project("{9A19103F-16F7-4668-BE54-9A1E7A4F7556}") = "InterfaceServer.Panel", "Src\Interface Server\InterfaceServer.Panel\InterfaceServer.Panel.csproj", "{4B68BDAC-B1B6-4F90-AF44-3922F72F0DAA}"
EndProject
Project("{9A19103F-16F7-4668-BE54-9A1E7A4F7556}") = "InterfaceServer.Socket", "Src\Interface Server\InterfaceServer.Socket\InterfaceServer.Socket.csproj", "{1EC42B8F-4FE3-45F7-957C-0521E7DAE61F}"
EndProject
Project("{FAE04EC0-301F-11D3-BF4B-00C04F79EFBC}") = "MobileApp.Android", "Src\Client\Mobile\MobileApp\MobileApp.Android\MobileApp.Android.csproj", "{1965E4D7-D560-4941-95DC-AAEB1D4E3C1D}"
EndProject
Project("{FAE04EC0-301F-11D3-BF4B-00C04F79EFBC}") = "MobileApp.iOS", "Src\Client\Mobile\MobileApp\MobileApp.iOS\MobileApp.iOS.csproj", "{8C5A043F-C001-4ED0-B857-B25B058D94A4}"
EndProject
Project("{9A19103F-16F7-4668-BE54-9A1E7A4F7556}") = "MobileApp", "Src\Client\Mobile\MobileApp\MobileApp\MobileApp.csproj", "{5CD6AC5E-4B56-4230-BF2B-ACA3FAD35639}"
EndProject
Global
	GlobalSection(SolutionConfigurationPlatforms) = preSolution
		Debug|Any CPU = Debug|Any CPU
		Debug|ARM = Debug|ARM
		Debug|ARM64 = Debug|ARM64
		Debug|iPhone = Debug|iPhone
		Debug|iPhoneSimulator = Debug|iPhoneSimulator
		Debug|x64 = Debug|x64
		Debug|x86 = Debug|x86
		Release|Any CPU = Release|Any CPU
		Release|ARM = Release|ARM
		Release|ARM64 = Release|ARM64
		Release|iPhone = Release|iPhone
		Release|iPhoneSimulator = Release|iPhoneSimulator
		Release|x64 = Release|x64
		Release|x86 = Release|x86
	EndGlobalSection
	GlobalSection(ProjectConfigurationPlatforms) = postSolution
		{D989FADF-8F84-40FD-A11E-C1655BAB1F1A}.Debug|Any CPU.ActiveCfg = Debug|Any CPU
		{D989FADF-8F84-40FD-A11E-C1655BAB1F1A}.Debug|Any CPU.Build.0 = Debug|Any CPU
		{D989FADF-8F84-40FD-A11E-C1655BAB1F1A}.Debug|ARM.ActiveCfg = Debug|Any CPU
		{D989FADF-8F84-40FD-A11E-C1655BAB1F1A}.Debug|ARM.Build.0 = Debug|Any CPU
		{D989FADF-8F84-40FD-A11E-C1655BAB1F1A}.Debug|ARM64.ActiveCfg = Debug|Any CPU
		{D989FADF-8F84-40FD-A11E-C1655BAB1F1A}.Debug|ARM64.Build.0 = Debug|Any CPU
		{D989FADF-8F84-40FD-A11E-C1655BAB1F1A}.Debug|iPhone.ActiveCfg = Debug|Any CPU
		{D989FADF-8F84-40FD-A11E-C1655BAB1F1A}.Debug|iPhone.Build.0 = Debug|Any CPU
		{D989FADF-8F84-40FD-A11E-C1655BAB1F1A}.Debug|iPhoneSimulator.ActiveCfg = Debug|Any CPU
		{D989FADF-8F84-40FD-A11E-C1655BAB1F1A}.Debug|iPhoneSimulator.Build.0 = Debug|Any CPU
		{D989FADF-8F84-40FD-A11E-C1655BAB1F1A}.Debug|x64.ActiveCfg = Debug|Any CPU
		{D989FADF-8F84-40FD-A11E-C1655BAB1F1A}.Debug|x64.Build.0 = Debug|Any CPU
		{D989FADF-8F84-40FD-A11E-C1655BAB1F1A}.Debug|x86.ActiveCfg = Debug|Any CPU
		{D989FADF-8F84-40FD-A11E-C1655BAB1F1A}.Debug|x86.Build.0 = Debug|Any CPU
		{D989FADF-8F84-40FD-A11E-C1655BAB1F1A}.Release|Any CPU.ActiveCfg = Release|Any CPU
		{D989FADF-8F84-40FD-A11E-C1655BAB1F1A}.Release|Any CPU.Build.0 = Release|Any CPU
		{D989FADF-8F84-40FD-A11E-C1655BAB1F1A}.Release|ARM.ActiveCfg = Release|Any CPU
		{D989FADF-8F84-40FD-A11E-C1655BAB1F1A}.Release|ARM.Build.0 = Release|Any CPU
		{D989FADF-8F84-40FD-A11E-C1655BAB1F1A}.Release|ARM64.ActiveCfg = Release|Any CPU
		{D989FADF-8F84-40FD-A11E-C1655BAB1F1A}.Release|ARM64.Build.0 = Release|Any CPU
		{D989FADF-8F84-40FD-A11E-C1655BAB1F1A}.Release|iPhone.ActiveCfg = Release|Any CPU
		{D989FADF-8F84-40FD-A11E-C1655BAB1F1A}.Release|iPhone.Build.0 = Release|Any CPU
		{D989FADF-8F84-40FD-A11E-C1655BAB1F1A}.Release|iPhoneSimulator.ActiveCfg = Release|Any CPU
		{D989FADF-8F84-40FD-A11E-C1655BAB1F1A}.Release|iPhoneSimulator.Build.0 = Release|Any CPU
		{D989FADF-8F84-40FD-A11E-C1655BAB1F1A}.Release|x64.ActiveCfg = Release|Any CPU
		{D989FADF-8F84-40FD-A11E-C1655BAB1F1A}.Release|x64.Build.0 = Release|Any CPU
		{D989FADF-8F84-40FD-A11E-C1655BAB1F1A}.Release|x86.ActiveCfg = Release|Any CPU
		{D989FADF-8F84-40FD-A11E-C1655BAB1F1A}.Release|x86.Build.0 = Release|Any CPU
		{F53E43E0-81A9-458E-9E81-B8794239A0E5}.Debug|Any CPU.ActiveCfg = Debug|Any CPU
		{F53E43E0-81A9-458E-9E81-B8794239A0E5}.Debug|Any CPU.Build.0 = Debug|Any CPU
		{F53E43E0-81A9-458E-9E81-B8794239A0E5}.Debug|ARM.ActiveCfg = Debug|Any CPU
		{F53E43E0-81A9-458E-9E81-B8794239A0E5}.Debug|ARM.Build.0 = Debug|Any CPU
		{F53E43E0-81A9-458E-9E81-B8794239A0E5}.Debug|ARM64.ActiveCfg = Debug|Any CPU
		{F53E43E0-81A9-458E-9E81-B8794239A0E5}.Debug|ARM64.Build.0 = Debug|Any CPU
		{F53E43E0-81A9-458E-9E81-B8794239A0E5}.Debug|iPhone.ActiveCfg = Debug|Any CPU
		{F53E43E0-81A9-458E-9E81-B8794239A0E5}.Debug|iPhone.Build.0 = Debug|Any CPU
		{F53E43E0-81A9-458E-9E81-B8794239A0E5}.Debug|iPhoneSimulator.ActiveCfg = Debug|Any CPU
		{F53E43E0-81A9-458E-9E81-B8794239A0E5}.Debug|iPhoneSimulator.Build.0 = Debug|Any CPU
		{F53E43E0-81A9-458E-9E81-B8794239A0E5}.Debug|x64.ActiveCfg = Debug|Any CPU
		{F53E43E0-81A9-458E-9E81-B8794239A0E5}.Debug|x64.Build.0 = Debug|Any CPU
		{F53E43E0-81A9-458E-9E81-B8794239A0E5}.Debug|x86.ActiveCfg = Debug|Any CPU
		{F53E43E0-81A9-458E-9E81-B8794239A0E5}.Debug|x86.Build.0 = Debug|Any CPU
		{F53E43E0-81A9-458E-9E81-B8794239A0E5}.Release|Any CPU.ActiveCfg = Release|Any CPU
		{F53E43E0-81A9-458E-9E81-B8794239A0E5}.Release|Any CPU.Build.0 = Release|Any CPU
		{F53E43E0-81A9-458E-9E81-B8794239A0E5}.Release|ARM.ActiveCfg = Release|Any CPU
		{F53E43E0-81A9-458E-9E81-B8794239A0E5}.Release|ARM.Build.0 = Release|Any CPU
		{F53E43E0-81A9-458E-9E81-B8794239A0E5}.Release|ARM64.ActiveCfg = Release|Any CPU
		{F53E43E0-81A9-458E-9E81-B8794239A0E5}.Release|ARM64.Build.0 = Release|Any CPU
		{F53E43E0-81A9-458E-9E81-B8794239A0E5}.Release|iPhone.ActiveCfg = Release|Any CPU
		{F53E43E0-81A9-458E-9E81-B8794239A0E5}.Release|iPhone.Build.0 = Release|Any CPU
		{F53E43E0-81A9-458E-9E81-B8794239A0E5}.Release|iPhoneSimulator.ActiveCfg = Release|Any CPU
		{F53E43E0-81A9-458E-9E81-B8794239A0E5}.Release|iPhoneSimulator.Build.0 = Release|Any CPU
		{F53E43E0-81A9-458E-9E81-B8794239A0E5}.Release|x64.ActiveCfg = Release|Any CPU
		{F53E43E0-81A9-458E-9E81-B8794239A0E5}.Release|x64.Build.0 = Release|Any CPU
		{F53E43E0-81A9-458E-9E81-B8794239A0E5}.Release|x86.ActiveCfg = Release|Any CPU
		{F53E43E0-81A9-458E-9E81-B8794239A0E5}.Release|x86.Build.0 = Release|Any CPU
		{7DAE5068-BA88-42FA-9625-2E0C39C566A2}.Debug|Any CPU.ActiveCfg = Debug|Any CPU
		{7DAE5068-BA88-42FA-9625-2E0C39C566A2}.Debug|Any CPU.Build.0 = Debug|Any CPU
		{7DAE5068-BA88-42FA-9625-2E0C39C566A2}.Debug|ARM.ActiveCfg = Debug|Any CPU
		{7DAE5068-BA88-42FA-9625-2E0C39C566A2}.Debug|ARM.Build.0 = Debug|Any CPU
		{7DAE5068-BA88-42FA-9625-2E0C39C566A2}.Debug|ARM64.ActiveCfg = Debug|Any CPU
		{7DAE5068-BA88-42FA-9625-2E0C39C566A2}.Debug|ARM64.Build.0 = Debug|Any CPU
		{7DAE5068-BA88-42FA-9625-2E0C39C566A2}.Debug|iPhone.ActiveCfg = Debug|Any CPU
		{7DAE5068-BA88-42FA-9625-2E0C39C566A2}.Debug|iPhone.Build.0 = Debug|Any CPU
		{7DAE5068-BA88-42FA-9625-2E0C39C566A2}.Debug|iPhoneSimulator.ActiveCfg = Debug|Any CPU
		{7DAE5068-BA88-42FA-9625-2E0C39C566A2}.Debug|iPhoneSimulator.Build.0 = Debug|Any CPU
		{7DAE5068-BA88-42FA-9625-2E0C39C566A2}.Debug|x64.ActiveCfg = Debug|Any CPU
		{7DAE5068-BA88-42FA-9625-2E0C39C566A2}.Debug|x64.Build.0 = Debug|Any CPU
		{7DAE5068-BA88-42FA-9625-2E0C39C566A2}.Debug|x86.ActiveCfg = Debug|Any CPU
		{7DAE5068-BA88-42FA-9625-2E0C39C566A2}.Debug|x86.Build.0 = Debug|Any CPU
		{7DAE5068-BA88-42FA-9625-2E0C39C566A2}.Release|Any CPU.ActiveCfg = Release|Any CPU
		{7DAE5068-BA88-42FA-9625-2E0C39C566A2}.Release|Any CPU.Build.0 = Release|Any CPU
		{7DAE5068-BA88-42FA-9625-2E0C39C566A2}.Release|ARM.ActiveCfg = Release|Any CPU
		{7DAE5068-BA88-42FA-9625-2E0C39C566A2}.Release|ARM.Build.0 = Release|Any CPU
		{7DAE5068-BA88-42FA-9625-2E0C39C566A2}.Release|ARM64.ActiveCfg = Release|Any CPU
		{7DAE5068-BA88-42FA-9625-2E0C39C566A2}.Release|ARM64.Build.0 = Release|Any CPU
		{7DAE5068-BA88-42FA-9625-2E0C39C566A2}.Release|iPhone.ActiveCfg = Release|Any CPU
		{7DAE5068-BA88-42FA-9625-2E0C39C566A2}.Release|iPhone.Build.0 = Release|Any CPU
		{7DAE5068-BA88-42FA-9625-2E0C39C566A2}.Release|iPhoneSimulator.ActiveCfg = Release|Any CPU
		{7DAE5068-BA88-42FA-9625-2E0C39C566A2}.Release|iPhoneSimulator.Build.0 = Release|Any CPU
		{7DAE5068-BA88-42FA-9625-2E0C39C566A2}.Release|x64.ActiveCfg = Release|Any CPU
		{7DAE5068-BA88-42FA-9625-2E0C39C566A2}.Release|x64.Build.0 = Release|Any CPU
		{7DAE5068-BA88-42FA-9625-2E0C39C566A2}.Release|x86.ActiveCfg = Release|Any CPU
		{7DAE5068-BA88-42FA-9625-2E0C39C566A2}.Release|x86.Build.0 = Release|Any CPU
		{7935B38A-92F1-402D-BCA4-3F13108CB07E}.Debug|Any CPU.ActiveCfg = Debug|Any CPU
		{7935B38A-92F1-402D-BCA4-3F13108CB07E}.Debug|Any CPU.Build.0 = Debug|Any CPU
		{7935B38A-92F1-402D-BCA4-3F13108CB07E}.Debug|ARM.ActiveCfg = Debug|Any CPU
		{7935B38A-92F1-402D-BCA4-3F13108CB07E}.Debug|ARM.Build.0 = Debug|Any CPU
		{7935B38A-92F1-402D-BCA4-3F13108CB07E}.Debug|ARM64.ActiveCfg = Debug|Any CPU
		{7935B38A-92F1-402D-BCA4-3F13108CB07E}.Debug|ARM64.Build.0 = Debug|Any CPU
		{7935B38A-92F1-402D-BCA4-3F13108CB07E}.Debug|iPhone.ActiveCfg = Debug|Any CPU
		{7935B38A-92F1-402D-BCA4-3F13108CB07E}.Debug|iPhone.Build.0 = Debug|Any CPU
		{7935B38A-92F1-402D-BCA4-3F13108CB07E}.Debug|iPhoneSimulator.ActiveCfg = Debug|Any CPU
		{7935B38A-92F1-402D-BCA4-3F13108CB07E}.Debug|iPhoneSimulator.Build.0 = Debug|Any CPU
		{7935B38A-92F1-402D-BCA4-3F13108CB07E}.Debug|x64.ActiveCfg = Debug|Any CPU
		{7935B38A-92F1-402D-BCA4-3F13108CB07E}.Debug|x64.Build.0 = Debug|Any CPU
		{7935B38A-92F1-402D-BCA4-3F13108CB07E}.Debug|x86.ActiveCfg = Debug|Any CPU
		{7935B38A-92F1-402D-BCA4-3F13108CB07E}.Debug|x86.Build.0 = Debug|Any CPU
		{7935B38A-92F1-402D-BCA4-3F13108CB07E}.Release|Any CPU.ActiveCfg = Release|Any CPU
		{7935B38A-92F1-402D-BCA4-3F13108CB07E}.Release|Any CPU.Build.0 = Release|Any CPU
		{7935B38A-92F1-402D-BCA4-3F13108CB07E}.Release|ARM.ActiveCfg = Release|Any CPU
		{7935B38A-92F1-402D-BCA4-3F13108CB07E}.Release|ARM.Build.0 = Release|Any CPU
		{7935B38A-92F1-402D-BCA4-3F13108CB07E}.Release|ARM64.ActiveCfg = Release|Any CPU
		{7935B38A-92F1-402D-BCA4-3F13108CB07E}.Release|ARM64.Build.0 = Release|Any CPU
		{7935B38A-92F1-402D-BCA4-3F13108CB07E}.Release|iPhone.ActiveCfg = Release|Any CPU
		{7935B38A-92F1-402D-BCA4-3F13108CB07E}.Release|iPhone.Build.0 = Release|Any CPU
		{7935B38A-92F1-402D-BCA4-3F13108CB07E}.Release|iPhoneSimulator.ActiveCfg = Release|Any CPU
		{7935B38A-92F1-402D-BCA4-3F13108CB07E}.Release|iPhoneSimulator.Build.0 = Release|Any CPU
		{7935B38A-92F1-402D-BCA4-3F13108CB07E}.Release|x64.ActiveCfg = Release|Any CPU
		{7935B38A-92F1-402D-BCA4-3F13108CB07E}.Release|x64.Build.0 = Release|Any CPU
		{7935B38A-92F1-402D-BCA4-3F13108CB07E}.Release|x86.ActiveCfg = Release|Any CPU
		{7935B38A-92F1-402D-BCA4-3F13108CB07E}.Release|x86.Build.0 = Release|Any CPU
		{0083ECD3-E710-4EFD-BFEB-D6033FAC3DE5}.Debug|Any CPU.ActiveCfg = Debug|Any CPU
		{0083ECD3-E710-4EFD-BFEB-D6033FAC3DE5}.Debug|Any CPU.Build.0 = Debug|Any CPU
		{0083ECD3-E710-4EFD-BFEB-D6033FAC3DE5}.Debug|ARM.ActiveCfg = Debug|Any CPU
		{0083ECD3-E710-4EFD-BFEB-D6033FAC3DE5}.Debug|ARM.Build.0 = Debug|Any CPU
		{0083ECD3-E710-4EFD-BFEB-D6033FAC3DE5}.Debug|ARM64.ActiveCfg = Debug|Any CPU
		{0083ECD3-E710-4EFD-BFEB-D6033FAC3DE5}.Debug|ARM64.Build.0 = Debug|Any CPU
		{0083ECD3-E710-4EFD-BFEB-D6033FAC3DE5}.Debug|iPhone.ActiveCfg = Debug|Any CPU
		{0083ECD3-E710-4EFD-BFEB-D6033FAC3DE5}.Debug|iPhone.Build.0 = Debug|Any CPU
		{0083ECD3-E710-4EFD-BFEB-D6033FAC3DE5}.Debug|iPhoneSimulator.ActiveCfg = Debug|Any CPU
		{0083ECD3-E710-4EFD-BFEB-D6033FAC3DE5}.Debug|iPhoneSimulator.Build.0 = Debug|Any CPU
		{0083ECD3-E710-4EFD-BFEB-D6033FAC3DE5}.Debug|x64.ActiveCfg = Debug|Any CPU
		{0083ECD3-E710-4EFD-BFEB-D6033FAC3DE5}.Debug|x64.Build.0 = Debug|Any CPU
		{0083ECD3-E710-4EFD-BFEB-D6033FAC3DE5}.Debug|x86.ActiveCfg = Debug|Any CPU
		{0083ECD3-E710-4EFD-BFEB-D6033FAC3DE5}.Debug|x86.Build.0 = Debug|Any CPU
		{0083ECD3-E710-4EFD-BFEB-D6033FAC3DE5}.Release|Any CPU.ActiveCfg = Release|Any CPU
		{0083ECD3-E710-4EFD-BFEB-D6033FAC3DE5}.Release|Any CPU.Build.0 = Release|Any CPU
		{0083ECD3-E710-4EFD-BFEB-D6033FAC3DE5}.Release|ARM.ActiveCfg = Release|Any CPU
		{0083ECD3-E710-4EFD-BFEB-D6033FAC3DE5}.Release|ARM.Build.0 = Release|Any CPU
		{0083ECD3-E710-4EFD-BFEB-D6033FAC3DE5}.Release|ARM64.ActiveCfg = Release|Any CPU
		{0083ECD3-E710-4EFD-BFEB-D6033FAC3DE5}.Release|ARM64.Build.0 = Release|Any CPU
		{0083ECD3-E710-4EFD-BFEB-D6033FAC3DE5}.Release|iPhone.ActiveCfg = Release|Any CPU
		{0083ECD3-E710-4EFD-BFEB-D6033FAC3DE5}.Release|iPhone.Build.0 = Release|Any CPU
		{0083ECD3-E710-4EFD-BFEB-D6033FAC3DE5}.Release|iPhoneSimulator.ActiveCfg = Release|Any CPU
		{0083ECD3-E710-4EFD-BFEB-D6033FAC3DE5}.Release|iPhoneSimulator.Build.0 = Release|Any CPU
		{0083ECD3-E710-4EFD-BFEB-D6033FAC3DE5}.Release|x64.ActiveCfg = Release|Any CPU
		{0083ECD3-E710-4EFD-BFEB-D6033FAC3DE5}.Release|x64.Build.0 = Release|Any CPU
		{0083ECD3-E710-4EFD-BFEB-D6033FAC3DE5}.Release|x86.ActiveCfg = Release|Any CPU
		{0083ECD3-E710-4EFD-BFEB-D6033FAC3DE5}.Release|x86.Build.0 = Release|Any CPU
		{6F9AA827-28F5-4CCD-A013-6856C5E5A192}.Debug|Any CPU.ActiveCfg = Debug|Any CPU
		{6F9AA827-28F5-4CCD-A013-6856C5E5A192}.Debug|Any CPU.Build.0 = Debug|Any CPU
		{6F9AA827-28F5-4CCD-A013-6856C5E5A192}.Debug|ARM.ActiveCfg = Debug|Any CPU
		{6F9AA827-28F5-4CCD-A013-6856C5E5A192}.Debug|ARM.Build.0 = Debug|Any CPU
		{6F9AA827-28F5-4CCD-A013-6856C5E5A192}.Debug|ARM64.ActiveCfg = Debug|Any CPU
		{6F9AA827-28F5-4CCD-A013-6856C5E5A192}.Debug|ARM64.Build.0 = Debug|Any CPU
		{6F9AA827-28F5-4CCD-A013-6856C5E5A192}.Debug|iPhone.ActiveCfg = Debug|Any CPU
		{6F9AA827-28F5-4CCD-A013-6856C5E5A192}.Debug|iPhone.Build.0 = Debug|Any CPU
		{6F9AA827-28F5-4CCD-A013-6856C5E5A192}.Debug|iPhoneSimulator.ActiveCfg = Debug|Any CPU
		{6F9AA827-28F5-4CCD-A013-6856C5E5A192}.Debug|iPhoneSimulator.Build.0 = Debug|Any CPU
		{6F9AA827-28F5-4CCD-A013-6856C5E5A192}.Debug|x64.ActiveCfg = Debug|Any CPU
		{6F9AA827-28F5-4CCD-A013-6856C5E5A192}.Debug|x64.Build.0 = Debug|Any CPU
		{6F9AA827-28F5-4CCD-A013-6856C5E5A192}.Debug|x86.ActiveCfg = Debug|Any CPU
		{6F9AA827-28F5-4CCD-A013-6856C5E5A192}.Debug|x86.Build.0 = Debug|Any CPU
		{6F9AA827-28F5-4CCD-A013-6856C5E5A192}.Release|Any CPU.ActiveCfg = Release|Any CPU
		{6F9AA827-28F5-4CCD-A013-6856C5E5A192}.Release|Any CPU.Build.0 = Release|Any CPU
		{6F9AA827-28F5-4CCD-A013-6856C5E5A192}.Release|ARM.ActiveCfg = Release|Any CPU
		{6F9AA827-28F5-4CCD-A013-6856C5E5A192}.Release|ARM.Build.0 = Release|Any CPU
		{6F9AA827-28F5-4CCD-A013-6856C5E5A192}.Release|ARM64.ActiveCfg = Release|Any CPU
		{6F9AA827-28F5-4CCD-A013-6856C5E5A192}.Release|ARM64.Build.0 = Release|Any CPU
		{6F9AA827-28F5-4CCD-A013-6856C5E5A192}.Release|iPhone.ActiveCfg = Release|Any CPU
		{6F9AA827-28F5-4CCD-A013-6856C5E5A192}.Release|iPhone.Build.0 = Release|Any CPU
		{6F9AA827-28F5-4CCD-A013-6856C5E5A192}.Release|iPhoneSimulator.ActiveCfg = Release|Any CPU
		{6F9AA827-28F5-4CCD-A013-6856C5E5A192}.Release|iPhoneSimulator.Build.0 = Release|Any CPU
		{6F9AA827-28F5-4CCD-A013-6856C5E5A192}.Release|x64.ActiveCfg = Release|Any CPU
		{6F9AA827-28F5-4CCD-A013-6856C5E5A192}.Release|x64.Build.0 = Release|Any CPU
		{6F9AA827-28F5-4CCD-A013-6856C5E5A192}.Release|x86.ActiveCfg = Release|Any CPU
		{6F9AA827-28F5-4CCD-A013-6856C5E5A192}.Release|x86.Build.0 = Release|Any CPU
		{0D5930C1-4946-42CA-8499-C11097939662}.Debug|Any CPU.ActiveCfg = Debug|Any CPU
		{0D5930C1-4946-42CA-8499-C11097939662}.Debug|Any CPU.Build.0 = Debug|Any CPU
		{0D5930C1-4946-42CA-8499-C11097939662}.Debug|ARM.ActiveCfg = Debug|Any CPU
		{0D5930C1-4946-42CA-8499-C11097939662}.Debug|ARM.Build.0 = Debug|Any CPU
		{0D5930C1-4946-42CA-8499-C11097939662}.Debug|ARM64.ActiveCfg = Debug|Any CPU
		{0D5930C1-4946-42CA-8499-C11097939662}.Debug|ARM64.Build.0 = Debug|Any CPU
		{0D5930C1-4946-42CA-8499-C11097939662}.Debug|iPhone.ActiveCfg = Debug|Any CPU
		{0D5930C1-4946-42CA-8499-C11097939662}.Debug|iPhone.Build.0 = Debug|Any CPU
		{0D5930C1-4946-42CA-8499-C11097939662}.Debug|iPhoneSimulator.ActiveCfg = Debug|Any CPU
		{0D5930C1-4946-42CA-8499-C11097939662}.Debug|iPhoneSimulator.Build.0 = Debug|Any CPU
		{0D5930C1-4946-42CA-8499-C11097939662}.Debug|x64.ActiveCfg = Debug|Any CPU
		{0D5930C1-4946-42CA-8499-C11097939662}.Debug|x64.Build.0 = Debug|Any CPU
		{0D5930C1-4946-42CA-8499-C11097939662}.Debug|x86.ActiveCfg = Debug|Any CPU
		{0D5930C1-4946-42CA-8499-C11097939662}.Debug|x86.Build.0 = Debug|Any CPU
		{0D5930C1-4946-42CA-8499-C11097939662}.Release|Any CPU.ActiveCfg = Release|Any CPU
		{0D5930C1-4946-42CA-8499-C11097939662}.Release|Any CPU.Build.0 = Release|Any CPU
		{0D5930C1-4946-42CA-8499-C11097939662}.Release|ARM.ActiveCfg = Release|Any CPU
		{0D5930C1-4946-42CA-8499-C11097939662}.Release|ARM.Build.0 = Release|Any CPU
		{0D5930C1-4946-42CA-8499-C11097939662}.Release|ARM64.ActiveCfg = Release|Any CPU
		{0D5930C1-4946-42CA-8499-C11097939662}.Release|ARM64.Build.0 = Release|Any CPU
		{0D5930C1-4946-42CA-8499-C11097939662}.Release|iPhone.ActiveCfg = Release|Any CPU
		{0D5930C1-4946-42CA-8499-C11097939662}.Release|iPhone.Build.0 = Release|Any CPU
		{0D5930C1-4946-42CA-8499-C11097939662}.Release|iPhoneSimulator.ActiveCfg = Release|Any CPU
		{0D5930C1-4946-42CA-8499-C11097939662}.Release|iPhoneSimulator.Build.0 = Release|Any CPU
		{0D5930C1-4946-42CA-8499-C11097939662}.Release|x64.ActiveCfg = Release|Any CPU
		{0D5930C1-4946-42CA-8499-C11097939662}.Release|x64.Build.0 = Release|Any CPU
		{0D5930C1-4946-42CA-8499-C11097939662}.Release|x86.ActiveCfg = Release|Any CPU
		{0D5930C1-4946-42CA-8499-C11097939662}.Release|x86.Build.0 = Release|Any CPU
		{3A3B99F4-09C9-4468-8887-65322B809213}.Debug|Any CPU.ActiveCfg = Debug|x86
		{3A3B99F4-09C9-4468-8887-65322B809213}.Debug|ARM.ActiveCfg = Debug|ARM
		{3A3B99F4-09C9-4468-8887-65322B809213}.Debug|ARM.Build.0 = Debug|ARM
		{3A3B99F4-09C9-4468-8887-65322B809213}.Debug|ARM.Deploy.0 = Debug|ARM
		{3A3B99F4-09C9-4468-8887-65322B809213}.Debug|ARM64.ActiveCfg = Debug|ARM64
		{3A3B99F4-09C9-4468-8887-65322B809213}.Debug|ARM64.Build.0 = Debug|ARM64
		{3A3B99F4-09C9-4468-8887-65322B809213}.Debug|ARM64.Deploy.0 = Debug|ARM64
		{3A3B99F4-09C9-4468-8887-65322B809213}.Debug|iPhone.ActiveCfg = Debug|x86
		{3A3B99F4-09C9-4468-8887-65322B809213}.Debug|iPhoneSimulator.ActiveCfg = Debug|x86
		{3A3B99F4-09C9-4468-8887-65322B809213}.Debug|x64.ActiveCfg = Debug|x64
		{3A3B99F4-09C9-4468-8887-65322B809213}.Debug|x64.Build.0 = Debug|x64
		{3A3B99F4-09C9-4468-8887-65322B809213}.Debug|x64.Deploy.0 = Debug|x64
		{3A3B99F4-09C9-4468-8887-65322B809213}.Debug|x86.ActiveCfg = Debug|x86
		{3A3B99F4-09C9-4468-8887-65322B809213}.Debug|x86.Build.0 = Debug|x86
		{3A3B99F4-09C9-4468-8887-65322B809213}.Debug|x86.Deploy.0 = Debug|x86
		{3A3B99F4-09C9-4468-8887-65322B809213}.Release|Any CPU.ActiveCfg = Release|x86
		{3A3B99F4-09C9-4468-8887-65322B809213}.Release|ARM.ActiveCfg = Release|ARM
		{3A3B99F4-09C9-4468-8887-65322B809213}.Release|ARM.Build.0 = Release|ARM
		{3A3B99F4-09C9-4468-8887-65322B809213}.Release|ARM.Deploy.0 = Release|ARM
		{3A3B99F4-09C9-4468-8887-65322B809213}.Release|ARM64.ActiveCfg = Release|ARM64
		{3A3B99F4-09C9-4468-8887-65322B809213}.Release|ARM64.Build.0 = Release|ARM64
		{3A3B99F4-09C9-4468-8887-65322B809213}.Release|ARM64.Deploy.0 = Release|ARM64
		{3A3B99F4-09C9-4468-8887-65322B809213}.Release|iPhone.ActiveCfg = Release|x86
		{3A3B99F4-09C9-4468-8887-65322B809213}.Release|iPhoneSimulator.ActiveCfg = Release|x86
		{3A3B99F4-09C9-4468-8887-65322B809213}.Release|x64.ActiveCfg = Release|x64
		{3A3B99F4-09C9-4468-8887-65322B809213}.Release|x64.Build.0 = Release|x64
		{3A3B99F4-09C9-4468-8887-65322B809213}.Release|x64.Deploy.0 = Release|x64
		{3A3B99F4-09C9-4468-8887-65322B809213}.Release|x86.ActiveCfg = Release|x86
		{3A3B99F4-09C9-4468-8887-65322B809213}.Release|x86.Build.0 = Release|x86
		{3A3B99F4-09C9-4468-8887-65322B809213}.Release|x86.Deploy.0 = Release|x86
		{37AEFE5C-E631-4C9E-B534-D935EC9E6208}.Debug|Any CPU.ActiveCfg = Debug|Any CPU
		{37AEFE5C-E631-4C9E-B534-D935EC9E6208}.Debug|Any CPU.Build.0 = Debug|Any CPU
		{37AEFE5C-E631-4C9E-B534-D935EC9E6208}.Debug|ARM.ActiveCfg = Debug|ARM
		{37AEFE5C-E631-4C9E-B534-D935EC9E6208}.Debug|ARM.Build.0 = Debug|ARM
		{37AEFE5C-E631-4C9E-B534-D935EC9E6208}.Debug|ARM64.ActiveCfg = Debug|ARM64
		{37AEFE5C-E631-4C9E-B534-D935EC9E6208}.Debug|ARM64.Build.0 = Debug|ARM64
		{37AEFE5C-E631-4C9E-B534-D935EC9E6208}.Debug|iPhone.ActiveCfg = Debug|Any CPU
		{37AEFE5C-E631-4C9E-B534-D935EC9E6208}.Debug|iPhone.Build.0 = Debug|Any CPU
		{37AEFE5C-E631-4C9E-B534-D935EC9E6208}.Debug|iPhoneSimulator.ActiveCfg = Debug|Any CPU
		{37AEFE5C-E631-4C9E-B534-D935EC9E6208}.Debug|iPhoneSimulator.Build.0 = Debug|Any CPU
		{37AEFE5C-E631-4C9E-B534-D935EC9E6208}.Debug|x64.ActiveCfg = Debug|x64
		{37AEFE5C-E631-4C9E-B534-D935EC9E6208}.Debug|x64.Build.0 = Debug|x64
		{37AEFE5C-E631-4C9E-B534-D935EC9E6208}.Debug|x86.ActiveCfg = Debug|x86
		{37AEFE5C-E631-4C9E-B534-D935EC9E6208}.Debug|x86.Build.0 = Debug|x86
		{37AEFE5C-E631-4C9E-B534-D935EC9E6208}.Release|Any CPU.ActiveCfg = Release|Any CPU
		{37AEFE5C-E631-4C9E-B534-D935EC9E6208}.Release|Any CPU.Build.0 = Release|Any CPU
		{37AEFE5C-E631-4C9E-B534-D935EC9E6208}.Release|ARM.ActiveCfg = Release|ARM
		{37AEFE5C-E631-4C9E-B534-D935EC9E6208}.Release|ARM.Build.0 = Release|ARM
		{37AEFE5C-E631-4C9E-B534-D935EC9E6208}.Release|ARM64.ActiveCfg = Release|ARM64
		{37AEFE5C-E631-4C9E-B534-D935EC9E6208}.Release|ARM64.Build.0 = Release|ARM64
		{37AEFE5C-E631-4C9E-B534-D935EC9E6208}.Release|iPhone.ActiveCfg = Release|Any CPU
		{37AEFE5C-E631-4C9E-B534-D935EC9E6208}.Release|iPhone.Build.0 = Release|Any CPU
		{37AEFE5C-E631-4C9E-B534-D935EC9E6208}.Release|iPhoneSimulator.ActiveCfg = Release|Any CPU
		{37AEFE5C-E631-4C9E-B534-D935EC9E6208}.Release|iPhoneSimulator.Build.0 = Release|Any CPU
		{37AEFE5C-E631-4C9E-B534-D935EC9E6208}.Release|x64.ActiveCfg = Release|x64
		{37AEFE5C-E631-4C9E-B534-D935EC9E6208}.Release|x64.Build.0 = Release|x64
		{37AEFE5C-E631-4C9E-B534-D935EC9E6208}.Release|x86.ActiveCfg = Release|x86
		{37AEFE5C-E631-4C9E-B534-D935EC9E6208}.Release|x86.Build.0 = Release|x86
		{0BEC45DF-9ABA-46CE-9A8C-6303DD04A0AC}.Debug|Any CPU.ActiveCfg = Debug|Any CPU
		{0BEC45DF-9ABA-46CE-9A8C-6303DD04A0AC}.Debug|Any CPU.Build.0 = Debug|Any CPU
		{0BEC45DF-9ABA-46CE-9A8C-6303DD04A0AC}.Debug|ARM.ActiveCfg = Debug|Any CPU
		{0BEC45DF-9ABA-46CE-9A8C-6303DD04A0AC}.Debug|ARM.Build.0 = Debug|Any CPU
		{0BEC45DF-9ABA-46CE-9A8C-6303DD04A0AC}.Debug|ARM64.ActiveCfg = Debug|Any CPU
		{0BEC45DF-9ABA-46CE-9A8C-6303DD04A0AC}.Debug|ARM64.Build.0 = Debug|Any CPU
		{0BEC45DF-9ABA-46CE-9A8C-6303DD04A0AC}.Debug|iPhone.ActiveCfg = Debug|Any CPU
		{0BEC45DF-9ABA-46CE-9A8C-6303DD04A0AC}.Debug|iPhone.Build.0 = Debug|Any CPU
		{0BEC45DF-9ABA-46CE-9A8C-6303DD04A0AC}.Debug|iPhoneSimulator.ActiveCfg = Debug|Any CPU
		{0BEC45DF-9ABA-46CE-9A8C-6303DD04A0AC}.Debug|iPhoneSimulator.Build.0 = Debug|Any CPU
		{0BEC45DF-9ABA-46CE-9A8C-6303DD04A0AC}.Debug|x64.ActiveCfg = Debug|Any CPU
		{0BEC45DF-9ABA-46CE-9A8C-6303DD04A0AC}.Debug|x64.Build.0 = Debug|Any CPU
		{0BEC45DF-9ABA-46CE-9A8C-6303DD04A0AC}.Debug|x86.ActiveCfg = Debug|Any CPU
		{0BEC45DF-9ABA-46CE-9A8C-6303DD04A0AC}.Debug|x86.Build.0 = Debug|Any CPU
		{0BEC45DF-9ABA-46CE-9A8C-6303DD04A0AC}.Release|Any CPU.ActiveCfg = Release|Any CPU
		{0BEC45DF-9ABA-46CE-9A8C-6303DD04A0AC}.Release|Any CPU.Build.0 = Release|Any CPU
		{0BEC45DF-9ABA-46CE-9A8C-6303DD04A0AC}.Release|ARM.ActiveCfg = Release|Any CPU
		{0BEC45DF-9ABA-46CE-9A8C-6303DD04A0AC}.Release|ARM.Build.0 = Release|Any CPU
		{0BEC45DF-9ABA-46CE-9A8C-6303DD04A0AC}.Release|ARM64.ActiveCfg = Release|Any CPU
		{0BEC45DF-9ABA-46CE-9A8C-6303DD04A0AC}.Release|ARM64.Build.0 = Release|Any CPU
		{0BEC45DF-9ABA-46CE-9A8C-6303DD04A0AC}.Release|iPhone.ActiveCfg = Release|Any CPU
		{0BEC45DF-9ABA-46CE-9A8C-6303DD04A0AC}.Release|iPhone.Build.0 = Release|Any CPU
		{0BEC45DF-9ABA-46CE-9A8C-6303DD04A0AC}.Release|iPhoneSimulator.ActiveCfg = Release|Any CPU
		{0BEC45DF-9ABA-46CE-9A8C-6303DD04A0AC}.Release|iPhoneSimulator.Build.0 = Release|Any CPU
		{0BEC45DF-9ABA-46CE-9A8C-6303DD04A0AC}.Release|x64.ActiveCfg = Release|Any CPU
		{0BEC45DF-9ABA-46CE-9A8C-6303DD04A0AC}.Release|x64.Build.0 = Release|Any CPU
		{0BEC45DF-9ABA-46CE-9A8C-6303DD04A0AC}.Release|x86.ActiveCfg = Release|Any CPU
		{0BEC45DF-9ABA-46CE-9A8C-6303DD04A0AC}.Release|x86.Build.0 = Release|Any CPU
		{D6913D8B-1B7E-44B6-B1AA-9A94875E6548}.Debug|Any CPU.ActiveCfg = Debug|Any CPU
		{D6913D8B-1B7E-44B6-B1AA-9A94875E6548}.Debug|Any CPU.Build.0 = Debug|Any CPU
		{D6913D8B-1B7E-44B6-B1AA-9A94875E6548}.Debug|ARM.ActiveCfg = Debug|Any CPU
		{D6913D8B-1B7E-44B6-B1AA-9A94875E6548}.Debug|ARM.Build.0 = Debug|Any CPU
		{D6913D8B-1B7E-44B6-B1AA-9A94875E6548}.Debug|ARM64.ActiveCfg = Debug|Any CPU
		{D6913D8B-1B7E-44B6-B1AA-9A94875E6548}.Debug|ARM64.Build.0 = Debug|Any CPU
		{D6913D8B-1B7E-44B6-B1AA-9A94875E6548}.Debug|iPhone.ActiveCfg = Debug|Any CPU
		{D6913D8B-1B7E-44B6-B1AA-9A94875E6548}.Debug|iPhone.Build.0 = Debug|Any CPU
		{D6913D8B-1B7E-44B6-B1AA-9A94875E6548}.Debug|iPhoneSimulator.ActiveCfg = Debug|Any CPU
		{D6913D8B-1B7E-44B6-B1AA-9A94875E6548}.Debug|iPhoneSimulator.Build.0 = Debug|Any CPU
		{D6913D8B-1B7E-44B6-B1AA-9A94875E6548}.Debug|x64.ActiveCfg = Debug|Any CPU
		{D6913D8B-1B7E-44B6-B1AA-9A94875E6548}.Debug|x64.Build.0 = Debug|Any CPU
		{D6913D8B-1B7E-44B6-B1AA-9A94875E6548}.Debug|x86.ActiveCfg = Debug|Any CPU
		{D6913D8B-1B7E-44B6-B1AA-9A94875E6548}.Debug|x86.Build.0 = Debug|Any CPU
		{D6913D8B-1B7E-44B6-B1AA-9A94875E6548}.Release|Any CPU.ActiveCfg = Release|Any CPU
		{D6913D8B-1B7E-44B6-B1AA-9A94875E6548}.Release|Any CPU.Build.0 = Release|Any CPU
		{D6913D8B-1B7E-44B6-B1AA-9A94875E6548}.Release|ARM.ActiveCfg = Release|Any CPU
		{D6913D8B-1B7E-44B6-B1AA-9A94875E6548}.Release|ARM.Build.0 = Release|Any CPU
		{D6913D8B-1B7E-44B6-B1AA-9A94875E6548}.Release|ARM64.ActiveCfg = Release|Any CPU
		{D6913D8B-1B7E-44B6-B1AA-9A94875E6548}.Release|ARM64.Build.0 = Release|Any CPU
		{D6913D8B-1B7E-44B6-B1AA-9A94875E6548}.Release|iPhone.ActiveCfg = Release|Any CPU
		{D6913D8B-1B7E-44B6-B1AA-9A94875E6548}.Release|iPhone.Build.0 = Release|Any CPU
		{D6913D8B-1B7E-44B6-B1AA-9A94875E6548}.Release|iPhoneSimulator.ActiveCfg = Release|Any CPU
		{D6913D8B-1B7E-44B6-B1AA-9A94875E6548}.Release|iPhoneSimulator.Build.0 = Release|Any CPU
		{D6913D8B-1B7E-44B6-B1AA-9A94875E6548}.Release|x64.ActiveCfg = Release|Any CPU
		{D6913D8B-1B7E-44B6-B1AA-9A94875E6548}.Release|x64.Build.0 = Release|Any CPU
		{D6913D8B-1B7E-44B6-B1AA-9A94875E6548}.Release|x86.ActiveCfg = Release|Any CPU
		{D6913D8B-1B7E-44B6-B1AA-9A94875E6548}.Release|x86.Build.0 = Release|Any CPU
		{173AA13C-2401-425F-BD45-17795EAF1EA1}.Debug|Any CPU.ActiveCfg = Debug|Any CPU
		{173AA13C-2401-425F-BD45-17795EAF1EA1}.Debug|Any CPU.Build.0 = Debug|Any CPU
		{173AA13C-2401-425F-BD45-17795EAF1EA1}.Debug|ARM.ActiveCfg = Debug|Any CPU
		{173AA13C-2401-425F-BD45-17795EAF1EA1}.Debug|ARM.Build.0 = Debug|Any CPU
		{173AA13C-2401-425F-BD45-17795EAF1EA1}.Debug|ARM64.ActiveCfg = Debug|Any CPU
		{173AA13C-2401-425F-BD45-17795EAF1EA1}.Debug|ARM64.Build.0 = Debug|Any CPU
		{173AA13C-2401-425F-BD45-17795EAF1EA1}.Debug|iPhone.ActiveCfg = Debug|Any CPU
		{173AA13C-2401-425F-BD45-17795EAF1EA1}.Debug|iPhone.Build.0 = Debug|Any CPU
		{173AA13C-2401-425F-BD45-17795EAF1EA1}.Debug|iPhoneSimulator.ActiveCfg = Debug|Any CPU
		{173AA13C-2401-425F-BD45-17795EAF1EA1}.Debug|iPhoneSimulator.Build.0 = Debug|Any CPU
		{173AA13C-2401-425F-BD45-17795EAF1EA1}.Debug|x64.ActiveCfg = Debug|Any CPU
		{173AA13C-2401-425F-BD45-17795EAF1EA1}.Debug|x64.Build.0 = Debug|Any CPU
		{173AA13C-2401-425F-BD45-17795EAF1EA1}.Debug|x86.ActiveCfg = Debug|Any CPU
		{173AA13C-2401-425F-BD45-17795EAF1EA1}.Debug|x86.Build.0 = Debug|Any CPU
		{173AA13C-2401-425F-BD45-17795EAF1EA1}.Release|Any CPU.ActiveCfg = Release|Any CPU
		{173AA13C-2401-425F-BD45-17795EAF1EA1}.Release|Any CPU.Build.0 = Release|Any CPU
		{173AA13C-2401-425F-BD45-17795EAF1EA1}.Release|ARM.ActiveCfg = Release|Any CPU
		{173AA13C-2401-425F-BD45-17795EAF1EA1}.Release|ARM.Build.0 = Release|Any CPU
		{173AA13C-2401-425F-BD45-17795EAF1EA1}.Release|ARM64.ActiveCfg = Release|Any CPU
		{173AA13C-2401-425F-BD45-17795EAF1EA1}.Release|ARM64.Build.0 = Release|Any CPU
		{173AA13C-2401-425F-BD45-17795EAF1EA1}.Release|iPhone.ActiveCfg = Release|Any CPU
		{173AA13C-2401-425F-BD45-17795EAF1EA1}.Release|iPhone.Build.0 = Release|Any CPU
		{173AA13C-2401-425F-BD45-17795EAF1EA1}.Release|iPhoneSimulator.ActiveCfg = Release|Any CPU
		{173AA13C-2401-425F-BD45-17795EAF1EA1}.Release|iPhoneSimulator.Build.0 = Release|Any CPU
		{173AA13C-2401-425F-BD45-17795EAF1EA1}.Release|x64.ActiveCfg = Release|Any CPU
		{173AA13C-2401-425F-BD45-17795EAF1EA1}.Release|x64.Build.0 = Release|Any CPU
		{173AA13C-2401-425F-BD45-17795EAF1EA1}.Release|x86.ActiveCfg = Release|Any CPU
		{173AA13C-2401-425F-BD45-17795EAF1EA1}.Release|x86.Build.0 = Release|Any CPU
		{BF0D1958-C12F-41FB-B544-8EDF061F221E}.Debug|Any CPU.ActiveCfg = Debug|x86
		{BF0D1958-C12F-41FB-B544-8EDF061F221E}.Debug|ARM.ActiveCfg = Debug|ARM
		{BF0D1958-C12F-41FB-B544-8EDF061F221E}.Debug|ARM.Build.0 = Debug|ARM
		{BF0D1958-C12F-41FB-B544-8EDF061F221E}.Debug|ARM.Deploy.0 = Debug|ARM
		{BF0D1958-C12F-41FB-B544-8EDF061F221E}.Debug|ARM64.ActiveCfg = Debug|ARM64
		{BF0D1958-C12F-41FB-B544-8EDF061F221E}.Debug|ARM64.Build.0 = Debug|ARM64
		{BF0D1958-C12F-41FB-B544-8EDF061F221E}.Debug|ARM64.Deploy.0 = Debug|ARM64
		{BF0D1958-C12F-41FB-B544-8EDF061F221E}.Debug|iPhone.ActiveCfg = Debug|x86
		{BF0D1958-C12F-41FB-B544-8EDF061F221E}.Debug|iPhoneSimulator.ActiveCfg = Debug|x86
		{BF0D1958-C12F-41FB-B544-8EDF061F221E}.Debug|x64.ActiveCfg = Debug|x64
		{BF0D1958-C12F-41FB-B544-8EDF061F221E}.Debug|x64.Build.0 = Debug|x64
		{BF0D1958-C12F-41FB-B544-8EDF061F221E}.Debug|x64.Deploy.0 = Debug|x64
		{BF0D1958-C12F-41FB-B544-8EDF061F221E}.Debug|x86.ActiveCfg = Debug|x86
		{BF0D1958-C12F-41FB-B544-8EDF061F221E}.Debug|x86.Build.0 = Debug|x86
		{BF0D1958-C12F-41FB-B544-8EDF061F221E}.Debug|x86.Deploy.0 = Debug|x86
		{BF0D1958-C12F-41FB-B544-8EDF061F221E}.Release|Any CPU.ActiveCfg = Release|x86
		{BF0D1958-C12F-41FB-B544-8EDF061F221E}.Release|ARM.ActiveCfg = Release|ARM
		{BF0D1958-C12F-41FB-B544-8EDF061F221E}.Release|ARM.Build.0 = Release|ARM
		{BF0D1958-C12F-41FB-B544-8EDF061F221E}.Release|ARM.Deploy.0 = Release|ARM
		{BF0D1958-C12F-41FB-B544-8EDF061F221E}.Release|ARM64.ActiveCfg = Release|ARM64
		{BF0D1958-C12F-41FB-B544-8EDF061F221E}.Release|ARM64.Build.0 = Release|ARM64
		{BF0D1958-C12F-41FB-B544-8EDF061F221E}.Release|ARM64.Deploy.0 = Release|ARM64
		{BF0D1958-C12F-41FB-B544-8EDF061F221E}.Release|iPhone.ActiveCfg = Release|x86
		{BF0D1958-C12F-41FB-B544-8EDF061F221E}.Release|iPhoneSimulator.ActiveCfg = Release|x86
		{BF0D1958-C12F-41FB-B544-8EDF061F221E}.Release|x64.ActiveCfg = Release|x64
		{BF0D1958-C12F-41FB-B544-8EDF061F221E}.Release|x64.Build.0 = Release|x64
		{BF0D1958-C12F-41FB-B544-8EDF061F221E}.Release|x64.Deploy.0 = Release|x64
		{BF0D1958-C12F-41FB-B544-8EDF061F221E}.Release|x86.ActiveCfg = Release|x86
		{BF0D1958-C12F-41FB-B544-8EDF061F221E}.Release|x86.Build.0 = Release|x86
		{BF0D1958-C12F-41FB-B544-8EDF061F221E}.Release|x86.Deploy.0 = Release|x86
		{9A2198A7-E746-4F83-863A-53F813C7E6B4}.Debug|Any CPU.ActiveCfg = Debug|Any CPU
		{9A2198A7-E746-4F83-863A-53F813C7E6B4}.Debug|Any CPU.Build.0 = Debug|Any CPU
		{9A2198A7-E746-4F83-863A-53F813C7E6B4}.Debug|ARM.ActiveCfg = Debug|Any CPU
		{9A2198A7-E746-4F83-863A-53F813C7E6B4}.Debug|ARM.Build.0 = Debug|Any CPU
		{9A2198A7-E746-4F83-863A-53F813C7E6B4}.Debug|ARM64.ActiveCfg = Debug|Any CPU
		{9A2198A7-E746-4F83-863A-53F813C7E6B4}.Debug|ARM64.Build.0 = Debug|Any CPU
		{9A2198A7-E746-4F83-863A-53F813C7E6B4}.Debug|iPhone.ActiveCfg = Debug|Any CPU
		{9A2198A7-E746-4F83-863A-53F813C7E6B4}.Debug|iPhone.Build.0 = Debug|Any CPU
		{9A2198A7-E746-4F83-863A-53F813C7E6B4}.Debug|iPhoneSimulator.ActiveCfg = Debug|Any CPU
		{9A2198A7-E746-4F83-863A-53F813C7E6B4}.Debug|iPhoneSimulator.Build.0 = Debug|Any CPU
		{9A2198A7-E746-4F83-863A-53F813C7E6B4}.Debug|x64.ActiveCfg = Debug|Any CPU
		{9A2198A7-E746-4F83-863A-53F813C7E6B4}.Debug|x64.Build.0 = Debug|Any CPU
		{9A2198A7-E746-4F83-863A-53F813C7E6B4}.Debug|x86.ActiveCfg = Debug|Any CPU
		{9A2198A7-E746-4F83-863A-53F813C7E6B4}.Debug|x86.Build.0 = Debug|Any CPU
		{9A2198A7-E746-4F83-863A-53F813C7E6B4}.Release|Any CPU.ActiveCfg = Release|Any CPU
		{9A2198A7-E746-4F83-863A-53F813C7E6B4}.Release|Any CPU.Build.0 = Release|Any CPU
		{9A2198A7-E746-4F83-863A-53F813C7E6B4}.Release|ARM.ActiveCfg = Release|Any CPU
		{9A2198A7-E746-4F83-863A-53F813C7E6B4}.Release|ARM.Build.0 = Release|Any CPU
		{9A2198A7-E746-4F83-863A-53F813C7E6B4}.Release|ARM64.ActiveCfg = Release|Any CPU
		{9A2198A7-E746-4F83-863A-53F813C7E6B4}.Release|ARM64.Build.0 = Release|Any CPU
		{9A2198A7-E746-4F83-863A-53F813C7E6B4}.Release|iPhone.ActiveCfg = Release|Any CPU
		{9A2198A7-E746-4F83-863A-53F813C7E6B4}.Release|iPhone.Build.0 = Release|Any CPU
		{9A2198A7-E746-4F83-863A-53F813C7E6B4}.Release|iPhoneSimulator.ActiveCfg = Release|Any CPU
		{9A2198A7-E746-4F83-863A-53F813C7E6B4}.Release|iPhoneSimulator.Build.0 = Release|Any CPU
		{9A2198A7-E746-4F83-863A-53F813C7E6B4}.Release|x64.ActiveCfg = Release|Any CPU
		{9A2198A7-E746-4F83-863A-53F813C7E6B4}.Release|x64.Build.0 = Release|Any CPU
		{9A2198A7-E746-4F83-863A-53F813C7E6B4}.Release|x86.ActiveCfg = Release|Any CPU
		{9A2198A7-E746-4F83-863A-53F813C7E6B4}.Release|x86.Build.0 = Release|Any CPU
		{4B68BDAC-B1B6-4F90-AF44-3922F72F0DAA}.Debug|Any CPU.ActiveCfg = Debug|Any CPU
		{4B68BDAC-B1B6-4F90-AF44-3922F72F0DAA}.Debug|Any CPU.Build.0 = Debug|Any CPU
		{4B68BDAC-B1B6-4F90-AF44-3922F72F0DAA}.Debug|ARM.ActiveCfg = Debug|Any CPU
		{4B68BDAC-B1B6-4F90-AF44-3922F72F0DAA}.Debug|ARM.Build.0 = Debug|Any CPU
		{4B68BDAC-B1B6-4F90-AF44-3922F72F0DAA}.Debug|ARM64.ActiveCfg = Debug|Any CPU
		{4B68BDAC-B1B6-4F90-AF44-3922F72F0DAA}.Debug|ARM64.Build.0 = Debug|Any CPU
		{4B68BDAC-B1B6-4F90-AF44-3922F72F0DAA}.Debug|iPhone.ActiveCfg = Debug|Any CPU
		{4B68BDAC-B1B6-4F90-AF44-3922F72F0DAA}.Debug|iPhone.Build.0 = Debug|Any CPU
		{4B68BDAC-B1B6-4F90-AF44-3922F72F0DAA}.Debug|iPhoneSimulator.ActiveCfg = Debug|Any CPU
		{4B68BDAC-B1B6-4F90-AF44-3922F72F0DAA}.Debug|iPhoneSimulator.Build.0 = Debug|Any CPU
		{4B68BDAC-B1B6-4F90-AF44-3922F72F0DAA}.Debug|x64.ActiveCfg = Debug|Any CPU
		{4B68BDAC-B1B6-4F90-AF44-3922F72F0DAA}.Debug|x64.Build.0 = Debug|Any CPU
		{4B68BDAC-B1B6-4F90-AF44-3922F72F0DAA}.Debug|x86.ActiveCfg = Debug|Any CPU
		{4B68BDAC-B1B6-4F90-AF44-3922F72F0DAA}.Debug|x86.Build.0 = Debug|Any CPU
		{4B68BDAC-B1B6-4F90-AF44-3922F72F0DAA}.Release|Any CPU.ActiveCfg = Release|Any CPU
		{4B68BDAC-B1B6-4F90-AF44-3922F72F0DAA}.Release|Any CPU.Build.0 = Release|Any CPU
		{4B68BDAC-B1B6-4F90-AF44-3922F72F0DAA}.Release|ARM.ActiveCfg = Release|Any CPU
		{4B68BDAC-B1B6-4F90-AF44-3922F72F0DAA}.Release|ARM.Build.0 = Release|Any CPU
		{4B68BDAC-B1B6-4F90-AF44-3922F72F0DAA}.Release|ARM64.ActiveCfg = Release|Any CPU
		{4B68BDAC-B1B6-4F90-AF44-3922F72F0DAA}.Release|ARM64.Build.0 = Release|Any CPU
		{4B68BDAC-B1B6-4F90-AF44-3922F72F0DAA}.Release|iPhone.ActiveCfg = Release|Any CPU
		{4B68BDAC-B1B6-4F90-AF44-3922F72F0DAA}.Release|iPhone.Build.0 = Release|Any CPU
		{4B68BDAC-B1B6-4F90-AF44-3922F72F0DAA}.Release|iPhoneSimulator.ActiveCfg = Release|Any CPU
		{4B68BDAC-B1B6-4F90-AF44-3922F72F0DAA}.Release|iPhoneSimulator.Build.0 = Release|Any CPU
		{4B68BDAC-B1B6-4F90-AF44-3922F72F0DAA}.Release|x64.ActiveCfg = Release|Any CPU
		{4B68BDAC-B1B6-4F90-AF44-3922F72F0DAA}.Release|x64.Build.0 = Release|Any CPU
		{4B68BDAC-B1B6-4F90-AF44-3922F72F0DAA}.Release|x86.ActiveCfg = Release|Any CPU
		{4B68BDAC-B1B6-4F90-AF44-3922F72F0DAA}.Release|x86.Build.0 = Release|Any CPU
		{1EC42B8F-4FE3-45F7-957C-0521E7DAE61F}.Debug|Any CPU.ActiveCfg = Debug|Any CPU
		{1EC42B8F-4FE3-45F7-957C-0521E7DAE61F}.Debug|Any CPU.Build.0 = Debug|Any CPU
		{1EC42B8F-4FE3-45F7-957C-0521E7DAE61F}.Debug|ARM.ActiveCfg = Debug|Any CPU
		{1EC42B8F-4FE3-45F7-957C-0521E7DAE61F}.Debug|ARM.Build.0 = Debug|Any CPU
		{1EC42B8F-4FE3-45F7-957C-0521E7DAE61F}.Debug|ARM64.ActiveCfg = Debug|Any CPU
		{1EC42B8F-4FE3-45F7-957C-0521E7DAE61F}.Debug|ARM64.Build.0 = Debug|Any CPU
		{1EC42B8F-4FE3-45F7-957C-0521E7DAE61F}.Debug|iPhone.ActiveCfg = Debug|Any CPU
		{1EC42B8F-4FE3-45F7-957C-0521E7DAE61F}.Debug|iPhone.Build.0 = Debug|Any CPU
		{1EC42B8F-4FE3-45F7-957C-0521E7DAE61F}.Debug|iPhoneSimulator.ActiveCfg = Debug|Any CPU
		{1EC42B8F-4FE3-45F7-957C-0521E7DAE61F}.Debug|iPhoneSimulator.Build.0 = Debug|Any CPU
		{1EC42B8F-4FE3-45F7-957C-0521E7DAE61F}.Debug|x64.ActiveCfg = Debug|Any CPU
		{1EC42B8F-4FE3-45F7-957C-0521E7DAE61F}.Debug|x64.Build.0 = Debug|Any CPU
		{1EC42B8F-4FE3-45F7-957C-0521E7DAE61F}.Debug|x86.ActiveCfg = Debug|Any CPU
		{1EC42B8F-4FE3-45F7-957C-0521E7DAE61F}.Debug|x86.Build.0 = Debug|Any CPU
		{1EC42B8F-4FE3-45F7-957C-0521E7DAE61F}.Release|Any CPU.ActiveCfg = Release|Any CPU
		{1EC42B8F-4FE3-45F7-957C-0521E7DAE61F}.Release|Any CPU.Build.0 = Release|Any CPU
		{1EC42B8F-4FE3-45F7-957C-0521E7DAE61F}.Release|ARM.ActiveCfg = Release|Any CPU
		{1EC42B8F-4FE3-45F7-957C-0521E7DAE61F}.Release|ARM.Build.0 = Release|Any CPU
		{1EC42B8F-4FE3-45F7-957C-0521E7DAE61F}.Release|ARM64.ActiveCfg = Release|Any CPU
		{1EC42B8F-4FE3-45F7-957C-0521E7DAE61F}.Release|ARM64.Build.0 = Release|Any CPU
		{1EC42B8F-4FE3-45F7-957C-0521E7DAE61F}.Release|iPhone.ActiveCfg = Release|Any CPU
		{1EC42B8F-4FE3-45F7-957C-0521E7DAE61F}.Release|iPhone.Build.0 = Release|Any CPU
		{1EC42B8F-4FE3-45F7-957C-0521E7DAE61F}.Release|iPhoneSimulator.ActiveCfg = Release|Any CPU
		{1EC42B8F-4FE3-45F7-957C-0521E7DAE61F}.Release|iPhoneSimulator.Build.0 = Release|Any CPU
		{1EC42B8F-4FE3-45F7-957C-0521E7DAE61F}.Release|x64.ActiveCfg = Release|Any CPU
		{1EC42B8F-4FE3-45F7-957C-0521E7DAE61F}.Release|x64.Build.0 = Release|Any CPU
		{1EC42B8F-4FE3-45F7-957C-0521E7DAE61F}.Release|x86.ActiveCfg = Release|Any CPU
		{1EC42B8F-4FE3-45F7-957C-0521E7DAE61F}.Release|x86.Build.0 = Release|Any CPU
		{1965E4D7-D560-4941-95DC-AAEB1D4E3C1D}.Debug|Any CPU.ActiveCfg = Debug|Any CPU
		{1965E4D7-D560-4941-95DC-AAEB1D4E3C1D}.Debug|Any CPU.Build.0 = Debug|Any CPU
		{1965E4D7-D560-4941-95DC-AAEB1D4E3C1D}.Debug|Any CPU.Deploy.0 = Debug|Any CPU
		{1965E4D7-D560-4941-95DC-AAEB1D4E3C1D}.Debug|ARM.ActiveCfg = Debug|Any CPU
		{1965E4D7-D560-4941-95DC-AAEB1D4E3C1D}.Debug|ARM.Build.0 = Debug|Any CPU
		{1965E4D7-D560-4941-95DC-AAEB1D4E3C1D}.Debug|ARM.Deploy.0 = Debug|Any CPU
		{1965E4D7-D560-4941-95DC-AAEB1D4E3C1D}.Debug|ARM64.ActiveCfg = Debug|Any CPU
		{1965E4D7-D560-4941-95DC-AAEB1D4E3C1D}.Debug|ARM64.Build.0 = Debug|Any CPU
		{1965E4D7-D560-4941-95DC-AAEB1D4E3C1D}.Debug|ARM64.Deploy.0 = Debug|Any CPU
		{1965E4D7-D560-4941-95DC-AAEB1D4E3C1D}.Debug|iPhone.ActiveCfg = Debug|Any CPU
		{1965E4D7-D560-4941-95DC-AAEB1D4E3C1D}.Debug|iPhone.Build.0 = Debug|Any CPU
		{1965E4D7-D560-4941-95DC-AAEB1D4E3C1D}.Debug|iPhone.Deploy.0 = Debug|Any CPU
		{1965E4D7-D560-4941-95DC-AAEB1D4E3C1D}.Debug|iPhoneSimulator.ActiveCfg = Debug|Any CPU
		{1965E4D7-D560-4941-95DC-AAEB1D4E3C1D}.Debug|iPhoneSimulator.Build.0 = Debug|Any CPU
		{1965E4D7-D560-4941-95DC-AAEB1D4E3C1D}.Debug|iPhoneSimulator.Deploy.0 = Debug|Any CPU
		{1965E4D7-D560-4941-95DC-AAEB1D4E3C1D}.Debug|x64.ActiveCfg = Debug|Any CPU
		{1965E4D7-D560-4941-95DC-AAEB1D4E3C1D}.Debug|x64.Build.0 = Debug|Any CPU
		{1965E4D7-D560-4941-95DC-AAEB1D4E3C1D}.Debug|x64.Deploy.0 = Debug|Any CPU
		{1965E4D7-D560-4941-95DC-AAEB1D4E3C1D}.Debug|x86.ActiveCfg = Debug|Any CPU
		{1965E4D7-D560-4941-95DC-AAEB1D4E3C1D}.Debug|x86.Build.0 = Debug|Any CPU
		{1965E4D7-D560-4941-95DC-AAEB1D4E3C1D}.Debug|x86.Deploy.0 = Debug|Any CPU
		{1965E4D7-D560-4941-95DC-AAEB1D4E3C1D}.Release|Any CPU.ActiveCfg = Release|Any CPU
		{1965E4D7-D560-4941-95DC-AAEB1D4E3C1D}.Release|Any CPU.Build.0 = Release|Any CPU
		{1965E4D7-D560-4941-95DC-AAEB1D4E3C1D}.Release|Any CPU.Deploy.0 = Release|Any CPU
		{1965E4D7-D560-4941-95DC-AAEB1D4E3C1D}.Release|ARM.ActiveCfg = Release|Any CPU
		{1965E4D7-D560-4941-95DC-AAEB1D4E3C1D}.Release|ARM.Build.0 = Release|Any CPU
		{1965E4D7-D560-4941-95DC-AAEB1D4E3C1D}.Release|ARM.Deploy.0 = Release|Any CPU
		{1965E4D7-D560-4941-95DC-AAEB1D4E3C1D}.Release|ARM64.ActiveCfg = Release|Any CPU
		{1965E4D7-D560-4941-95DC-AAEB1D4E3C1D}.Release|ARM64.Build.0 = Release|Any CPU
		{1965E4D7-D560-4941-95DC-AAEB1D4E3C1D}.Release|ARM64.Deploy.0 = Release|Any CPU
		{1965E4D7-D560-4941-95DC-AAEB1D4E3C1D}.Release|iPhone.ActiveCfg = Release|Any CPU
		{1965E4D7-D560-4941-95DC-AAEB1D4E3C1D}.Release|iPhone.Build.0 = Release|Any CPU
		{1965E4D7-D560-4941-95DC-AAEB1D4E3C1D}.Release|iPhone.Deploy.0 = Release|Any CPU
		{1965E4D7-D560-4941-95DC-AAEB1D4E3C1D}.Release|iPhoneSimulator.ActiveCfg = Release|Any CPU
		{1965E4D7-D560-4941-95DC-AAEB1D4E3C1D}.Release|iPhoneSimulator.Build.0 = Release|Any CPU
		{1965E4D7-D560-4941-95DC-AAEB1D4E3C1D}.Release|iPhoneSimulator.Deploy.0 = Release|Any CPU
		{1965E4D7-D560-4941-95DC-AAEB1D4E3C1D}.Release|x64.ActiveCfg = Release|Any CPU
		{1965E4D7-D560-4941-95DC-AAEB1D4E3C1D}.Release|x64.Build.0 = Release|Any CPU
		{1965E4D7-D560-4941-95DC-AAEB1D4E3C1D}.Release|x64.Deploy.0 = Release|Any CPU
		{1965E4D7-D560-4941-95DC-AAEB1D4E3C1D}.Release|x86.ActiveCfg = Release|Any CPU
		{1965E4D7-D560-4941-95DC-AAEB1D4E3C1D}.Release|x86.Build.0 = Release|Any CPU
		{1965E4D7-D560-4941-95DC-AAEB1D4E3C1D}.Release|x86.Deploy.0 = Release|Any CPU
		{8C5A043F-C001-4ED0-B857-B25B058D94A4}.Debug|Any CPU.ActiveCfg = Debug|iPhoneSimulator
		{8C5A043F-C001-4ED0-B857-B25B058D94A4}.Debug|ARM.ActiveCfg = Debug|iPhoneSimulator
		{8C5A043F-C001-4ED0-B857-B25B058D94A4}.Debug|ARM64.ActiveCfg = Debug|iPhoneSimulator
		{8C5A043F-C001-4ED0-B857-B25B058D94A4}.Debug|iPhone.ActiveCfg = Debug|iPhone
		{8C5A043F-C001-4ED0-B857-B25B058D94A4}.Debug|iPhone.Build.0 = Debug|iPhone
		{8C5A043F-C001-4ED0-B857-B25B058D94A4}.Debug|iPhoneSimulator.ActiveCfg = Debug|iPhoneSimulator
		{8C5A043F-C001-4ED0-B857-B25B058D94A4}.Debug|iPhoneSimulator.Build.0 = Debug|iPhoneSimulator
		{8C5A043F-C001-4ED0-B857-B25B058D94A4}.Debug|x64.ActiveCfg = Debug|iPhoneSimulator
		{8C5A043F-C001-4ED0-B857-B25B058D94A4}.Debug|x86.ActiveCfg = Debug|iPhoneSimulator
		{8C5A043F-C001-4ED0-B857-B25B058D94A4}.Release|Any CPU.ActiveCfg = Release|iPhoneSimulator
		{8C5A043F-C001-4ED0-B857-B25B058D94A4}.Release|ARM.ActiveCfg = Release|iPhoneSimulator
		{8C5A043F-C001-4ED0-B857-B25B058D94A4}.Release|ARM64.ActiveCfg = Release|iPhoneSimulator
		{8C5A043F-C001-4ED0-B857-B25B058D94A4}.Release|iPhone.ActiveCfg = Release|iPhone
		{8C5A043F-C001-4ED0-B857-B25B058D94A4}.Release|iPhone.Build.0 = Release|iPhone
		{8C5A043F-C001-4ED0-B857-B25B058D94A4}.Release|iPhoneSimulator.ActiveCfg = Release|iPhoneSimulator
		{8C5A043F-C001-4ED0-B857-B25B058D94A4}.Release|iPhoneSimulator.Build.0 = Release|iPhoneSimulator
		{8C5A043F-C001-4ED0-B857-B25B058D94A4}.Release|x64.ActiveCfg = Release|iPhoneSimulator
		{8C5A043F-C001-4ED0-B857-B25B058D94A4}.Release|x86.ActiveCfg = Release|iPhoneSimulator
		{5CD6AC5E-4B56-4230-BF2B-ACA3FAD35639}.Debug|Any CPU.ActiveCfg = Debug|Any CPU
		{5CD6AC5E-4B56-4230-BF2B-ACA3FAD35639}.Debug|Any CPU.Build.0 = Debug|Any CPU
		{5CD6AC5E-4B56-4230-BF2B-ACA3FAD35639}.Debug|ARM.ActiveCfg = Debug|Any CPU
		{5CD6AC5E-4B56-4230-BF2B-ACA3FAD35639}.Debug|ARM.Build.0 = Debug|Any CPU
		{5CD6AC5E-4B56-4230-BF2B-ACA3FAD35639}.Debug|ARM64.ActiveCfg = Debug|Any CPU
		{5CD6AC5E-4B56-4230-BF2B-ACA3FAD35639}.Debug|ARM64.Build.0 = Debug|Any CPU
		{5CD6AC5E-4B56-4230-BF2B-ACA3FAD35639}.Debug|iPhone.ActiveCfg = Debug|Any CPU
		{5CD6AC5E-4B56-4230-BF2B-ACA3FAD35639}.Debug|iPhone.Build.0 = Debug|Any CPU
		{5CD6AC5E-4B56-4230-BF2B-ACA3FAD35639}.Debug|iPhoneSimulator.ActiveCfg = Debug|Any CPU
		{5CD6AC5E-4B56-4230-BF2B-ACA3FAD35639}.Debug|iPhoneSimulator.Build.0 = Debug|Any CPU
		{5CD6AC5E-4B56-4230-BF2B-ACA3FAD35639}.Debug|x64.ActiveCfg = Debug|Any CPU
		{5CD6AC5E-4B56-4230-BF2B-ACA3FAD35639}.Debug|x64.Build.0 = Debug|Any CPU
		{5CD6AC5E-4B56-4230-BF2B-ACA3FAD35639}.Debug|x86.ActiveCfg = Debug|Any CPU
		{5CD6AC5E-4B56-4230-BF2B-ACA3FAD35639}.Debug|x86.Build.0 = Debug|Any CPU
		{5CD6AC5E-4B56-4230-BF2B-ACA3FAD35639}.Release|Any CPU.ActiveCfg = Release|Any CPU
		{5CD6AC5E-4B56-4230-BF2B-ACA3FAD35639}.Release|Any CPU.Build.0 = Release|Any CPU
		{5CD6AC5E-4B56-4230-BF2B-ACA3FAD35639}.Release|ARM.ActiveCfg = Release|Any CPU
		{5CD6AC5E-4B56-4230-BF2B-ACA3FAD35639}.Release|ARM.Build.0 = Release|Any CPU
		{5CD6AC5E-4B56-4230-BF2B-ACA3FAD35639}.Release|ARM64.ActiveCfg = Release|Any CPU
		{5CD6AC5E-4B56-4230-BF2B-ACA3FAD35639}.Release|ARM64.Build.0 = Release|Any CPU
		{5CD6AC5E-4B56-4230-BF2B-ACA3FAD35639}.Release|iPhone.ActiveCfg = Release|Any CPU
		{5CD6AC5E-4B56-4230-BF2B-ACA3FAD35639}.Release|iPhone.Build.0 = Release|Any CPU
		{5CD6AC5E-4B56-4230-BF2B-ACA3FAD35639}.Release|iPhoneSimulator.ActiveCfg = Release|Any CPU
		{5CD6AC5E-4B56-4230-BF2B-ACA3FAD35639}.Release|iPhoneSimulator.Build.0 = Release|Any CPU
		{5CD6AC5E-4B56-4230-BF2B-ACA3FAD35639}.Release|x64.ActiveCfg = Release|Any CPU
		{5CD6AC5E-4B56-4230-BF2B-ACA3FAD35639}.Release|x64.Build.0 = Release|Any CPU
		{5CD6AC5E-4B56-4230-BF2B-ACA3FAD35639}.Release|x86.ActiveCfg = Release|Any CPU
		{5CD6AC5E-4B56-4230-BF2B-ACA3FAD35639}.Release|x86.Build.0 = Release|Any CPU
	EndGlobalSection
	GlobalSection(SolutionProperties) = preSolution
		HideSolutionNode = FALSE
	EndGlobalSection
	GlobalSection(NestedProjects) = preSolution
		{A5FBB37C-4182-4F34-96E3-3D0BFB7E98A4} = {30D3FAD4-9E50-4E70-B5A2-41DFCECA0DD0}
		{6D83B5A1-B65D-478B-9707-81C9BC696F59} = {30D3FAD4-9E50-4E70-B5A2-41DFCECA0DD0}
		{C725A4B4-73AA-4C79-9E25-5D700537AE53} = {6D83B5A1-B65D-478B-9707-81C9BC696F59}
		{13E37662-5992-482C-938E-A40E017806F7} = {6D83B5A1-B65D-478B-9707-81C9BC696F59}
		{A03E5E60-99AB-4D81-9626-4B302C3A77B1} = {C725A4B4-73AA-4C79-9E25-5D700537AE53}
		{0125ADEB-3374-4D86-A3AF-F7BF5A4E0019} = {C725A4B4-73AA-4C79-9E25-5D700537AE53}
		{91918A01-68AC-4949-A2E3-7E7CD97E60D1} = {30D3FAD4-9E50-4E70-B5A2-41DFCECA0DD0}
		{F1B27FB4-D8A0-4DB5-8E82-1066509EB61C} = {E11FF996-531D-4B37-AE3E-A292322CD294}
		{858E4C9E-3D3F-457B-B213-36AD67A23BB6} = {E11FF996-531D-4B37-AE3E-A292322CD294}
		{865D319E-E2BD-4468-B946-CA27CA162866} = {30D3FAD4-9E50-4E70-B5A2-41DFCECA0DD0}
		{E7DDE0F5-B981-4F10-91E1-73BCB14F8F50} = {C725A4B4-73AA-4C79-9E25-5D700537AE53}
		{D989FADF-8F84-40FD-A11E-C1655BAB1F1A} = {A5FBB37C-4182-4F34-96E3-3D0BFB7E98A4}
		{F53E43E0-81A9-458E-9E81-B8794239A0E5} = {A5FBB37C-4182-4F34-96E3-3D0BFB7E98A4}
		{7DAE5068-BA88-42FA-9625-2E0C39C566A2} = {A5FBB37C-4182-4F34-96E3-3D0BFB7E98A4}
		{7935B38A-92F1-402D-BCA4-3F13108CB07E} = {A5FBB37C-4182-4F34-96E3-3D0BFB7E98A4}
		{0083ECD3-E710-4EFD-BFEB-D6033FAC3DE5} = {865D319E-E2BD-4468-B946-CA27CA162866}
		{6F9AA827-28F5-4CCD-A013-6856C5E5A192} = {865D319E-E2BD-4468-B946-CA27CA162866}
		{0D5930C1-4946-42CA-8499-C11097939662} = {E7DDE0F5-B981-4F10-91E1-73BCB14F8F50}
		{3A3B99F4-09C9-4468-8887-65322B809213} = {A03E5E60-99AB-4D81-9626-4B302C3A77B1}
		{37AEFE5C-E631-4C9E-B534-D935EC9E6208} = {0125ADEB-3374-4D86-A3AF-F7BF5A4E0019}
		{0BEC45DF-9ABA-46CE-9A8C-6303DD04A0AC} = {0125ADEB-3374-4D86-A3AF-F7BF5A4E0019}
		{D6913D8B-1B7E-44B6-B1AA-9A94875E6548} = {91918A01-68AC-4949-A2E3-7E7CD97E60D1}
		{173AA13C-2401-425F-BD45-17795EAF1EA1} = {858E4C9E-3D3F-457B-B213-36AD67A23BB6}
		{BF0D1958-C12F-41FB-B544-8EDF061F221E} = {858E4C9E-3D3F-457B-B213-36AD67A23BB6}
		{9A2198A7-E746-4F83-863A-53F813C7E6B4} = {F1B27FB4-D8A0-4DB5-8E82-1066509EB61C}
		{4B68BDAC-B1B6-4F90-AF44-3922F72F0DAA} = {A5FBB37C-4182-4F34-96E3-3D0BFB7E98A4}
		{1EC42B8F-4FE3-45F7-957C-0521E7DAE61F} = {A5FBB37C-4182-4F34-96E3-3D0BFB7E98A4}
		{1965E4D7-D560-4941-95DC-AAEB1D4E3C1D} = {13E37662-5992-482C-938E-A40E017806F7}
		{8C5A043F-C001-4ED0-B857-B25B058D94A4} = {13E37662-5992-482C-938E-A40E017806F7}
		{5CD6AC5E-4B56-4230-BF2B-ACA3FAD35639} = {13E37662-5992-482C-938E-A40E017806F7}
	EndGlobalSection
	GlobalSection(ExtensibilityGlobals) = postSolution
		SolutionGuid = {603865DF-4827-42AB-AEA4-CE333277ED61}
	EndGlobalSection
EndGlobal
